
Microsoft Visual Studio Solution File, Format Version 12.00
# Visual Studio Version 17
VisualStudioVersion = 17.2.32519.379
MinimumVisualStudioVersion = 10.0.40219.1
Project("{FAE04EC0-301F-11D3-BF4B-00C04F79EFBC}") = "WinFormsApp1", "WinFormsApp1\WinFormsApp1.csproj", "{DE5F4E69-91FE-4FD1-9AF1-B7082F65FB09}"
EndProject
Global
	GlobalSection(SolutionConfigurationPlatforms) = preSolution
		Debug|Any CPU = Debug|Any CPU
		Release|Any CPU = Release|Any CPU
	EndGlobalSection
	GlobalSection(ProjectConfigurationPlatforms) = postSolution
		{DE5F4E69-91FE-4FD1-9AF1-B7082F65FB09}.Debug|Any CPU.ActiveCfg = Debug|Any CPU
		{DE5F4E69-91FE-4FD1-9AF1-B7082F65FB09}.Debug|Any CPU.Build.0 = Debug|Any CPU
		{DE5F4E69-91FE-4FD1-9AF1-B7082F65FB09}.Release|Any CPU.ActiveCfg = Release|Any CPU
		{DE5F4E69-91FE-4FD1-9AF1-B7082F65FB09}.Release|Any CPU.Build.0 = Release|Any CPU
	EndGlobalSection
	GlobalSection(SolutionProperties) = preSolution
		HideSolutionNode = FALSE
	EndGlobalSection
	GlobalSection(ExtensibilityGlobals) = postSolution
		SolutionGuid = {CBE10FFF-2C4C-4A0B-A41C-8B4294B23647}
	EndGlobalSection
EndGlobal
